{
  "name": "adminto-dashboard",
  "version": "0.1.0",
  "lockfileVersion": 3,
  "requires": true,
  "packages": {
    "": {
      "name": "adminto-dashboard",
      "version": "0.1.0",
      "dependencies": {
        "adminto-dashboard": "file:"
      }
    },
    "node_modules/adminto-dashboard": {
      "resolved": "",
      "link": true
    }
  }
}
